
Microsoft Visual Studio Solution File, Format Version 12.00
# Visual Studio Version 17
VisualStudioVersion = 17.2.32616.157
MinimumVisualStudioVersion = 10.0.40219.1
Project("{FAE04EC0-301F-11D3-BF4B-00C04F79EFBC}") = "modul7", "modul7\modul7.csproj", "{87052813-69B4-4EBF-8ED7-D309C7CD4CE3}"
EndProject
Global
	GlobalSection(SolutionConfigurationPlatforms) = preSolution
		Debug|Any CPU = Debug|Any CPU
		Release|Any CPU = Release|Any CPU
	EndGlobalSection
	GlobalSection(ProjectConfigurationPlatforms) = postSolution
		{87052813-69B4-4EBF-8ED7-D309C7CD4CE3}.Debug|Any CPU.ActiveCfg = Debug|Any CPU
		{87052813-69B4-4EBF-8ED7-D309C7CD4CE3}.Debug|Any CPU.Build.0 = Debug|Any CPU
		{87052813-69B4-4EBF-8ED7-D309C7CD4CE3}.Release|Any CPU.ActiveCfg = Release|Any CPU
		{87052813-69B4-4EBF-8ED7-D309C7CD4CE3}.Release|Any CPU.Build.0 = Release|Any CPU
	EndGlobalSection
	GlobalSection(SolutionProperties) = preSolution
		HideSolutionNode = FALSE
	EndGlobalSection
	GlobalSection(ExtensibilityGlobals) = postSolution
		SolutionGuid = {577B2324-3B30-49EB-9D4B-8BA6B37688DD}
	EndGlobalSection
EndGlobal
